
Microsoft Visual Studio Solution File, Format Version 12.00
# Visual Studio Version 16
VisualStudioVersion = 16.0.30128.74
MinimumVisualStudioVersion = 10.0.40219.1
Project("{FAE04EC0-301F-11D3-BF4B-00C04F79EFBC}") = "WpfApp1", "WpfApp1\WpfApp1.csproj", "{FE0FBDD2-8FED-4BB5-A871-ACB1B3E13DE7}"
EndProject
Project("{FAE04EC0-301F-11D3-BF4B-00C04F79EFBC}") = "Engine", "Engine\Engine.csproj", "{7C5A574E-64B8-412E-86AC-96224EE63EE2}"
EndProject
Global
	GlobalSection(SolutionConfigurationPlatforms) = preSolution
		Debug|Any CPU = Debug|Any CPU
		Release|Any CPU = Release|Any CPU
	EndGlobalSection
	GlobalSection(ProjectConfigurationPlatforms) = postSolution
		{FE0FBDD2-8FED-4BB5-A871-ACB1B3E13DE7}.Debug|Any CPU.ActiveCfg = Debug|Any CPU
		{FE0FBDD2-8FED-4BB5-A871-ACB1B3E13DE7}.Debug|Any CPU.Build.0 = Debug|Any CPU
		{FE0FBDD2-8FED-4BB5-A871-ACB1B3E13DE7}.Release|Any CPU.ActiveCfg = Release|Any CPU
		{FE0FBDD2-8FED-4BB5-A871-ACB1B3E13DE7}.Release|Any CPU.Build.0 = Release|Any CPU
		{7C5A574E-64B8-412E-86AC-96224EE63EE2}.Debug|Any CPU.ActiveCfg = Debug|Any CPU
		{7C5A574E-64B8-412E-86AC-96224EE63EE2}.Debug|Any CPU.Build.0 = Debug|Any CPU
		{7C5A574E-64B8-412E-86AC-96224EE63EE2}.Release|Any CPU.ActiveCfg = Release|Any CPU
		{7C5A574E-64B8-412E-86AC-96224EE63EE2}.Release|Any CPU.Build.0 = Release|Any CPU
	EndGlobalSection
	GlobalSection(SolutionProperties) = preSolution
		HideSolutionNode = FALSE
	EndGlobalSection
	GlobalSection(ExtensibilityGlobals) = postSolution
		SolutionGuid = {E73A6385-93D4-4923-9287-7C703E36419C}
	EndGlobalSection
EndGlobal
